
Microsoft Visual Studio Solution File, Format Version 12.00
# Visual Studio Version 17
VisualStudioVersion = 17.6.33801.468
MinimumVisualStudioVersion = 10.0.40219.1
Project("{FAE04EC0-301F-11D3-BF4B-00C04F79EFBC}") = "ExtensionMethods", "ExtensionMethods\ExtensionMethods.csproj", "{DB9B5DD1-0E5D-4CD2-ADB9-E3FFE25D2B6D}"
EndProject
Global
	GlobalSection(SolutionConfigurationPlatforms) = preSolution
		Debug|Any CPU = Debug|Any CPU
		Release|Any CPU = Release|Any CPU
	EndGlobalSection
	GlobalSection(ProjectConfigurationPlatforms) = postSolution
		{DB9B5DD1-0E5D-4CD2-ADB9-E3FFE25D2B6D}.Debug|Any CPU.ActiveCfg = Debug|Any CPU
		{DB9B5DD1-0E5D-4CD2-ADB9-E3FFE25D2B6D}.Debug|Any CPU.Build.0 = Debug|Any CPU
		{DB9B5DD1-0E5D-4CD2-ADB9-E3FFE25D2B6D}.Release|Any CPU.ActiveCfg = Release|Any CPU
		{DB9B5DD1-0E5D-4CD2-ADB9-E3FFE25D2B6D}.Release|Any CPU.Build.0 = Release|Any CPU
	EndGlobalSection
	GlobalSection(SolutionProperties) = preSolution
		HideSolutionNode = FALSE
	EndGlobalSection
	GlobalSection(ExtensibilityGlobals) = postSolution
		SolutionGuid = {E39C829F-8A6B-4F77-86A3-4876026CEFB8}
	EndGlobalSection
EndGlobal
