
Microsoft Visual Studio Solution File, Format Version 12.00
# Visual Studio Version 17
VisualStudioVersion = 17.6.33801.468
MinimumVisualStudioVersion = 10.0.40219.1
Project("{FAE04EC0-301F-11D3-BF4B-00C04F79EFBC}") = "LINQ", "LINQ\LINQ.csproj", "{C476EA18-656D-4536-BFC2-28A1BA6C68AE}"
EndProject
Global
	GlobalSection(SolutionConfigurationPlatforms) = preSolution
		Debug|Any CPU = Debug|Any CPU
		Release|Any CPU = Release|Any CPU
	EndGlobalSection
	GlobalSection(ProjectConfigurationPlatforms) = postSolution
		{C476EA18-656D-4536-BFC2-28A1BA6C68AE}.Debug|Any CPU.ActiveCfg = Debug|Any CPU
		{C476EA18-656D-4536-BFC2-28A1BA6C68AE}.Debug|Any CPU.Build.0 = Debug|Any CPU
		{C476EA18-656D-4536-BFC2-28A1BA6C68AE}.Release|Any CPU.ActiveCfg = Release|Any CPU
		{C476EA18-656D-4536-BFC2-28A1BA6C68AE}.Release|Any CPU.Build.0 = Release|Any CPU
	EndGlobalSection
	GlobalSection(SolutionProperties) = preSolution
		HideSolutionNode = FALSE
	EndGlobalSection
	GlobalSection(ExtensibilityGlobals) = postSolution
		SolutionGuid = {452EE435-BACA-4785-9284-75CDEB19FF03}
	EndGlobalSection
EndGlobal
